// !$*UTF8*$!
{
	archiveVersion = 1;
	classes = {
	};
	objectVersion = 56;
	objects = {

/* Begin PBXBuildFile section */
		40CC26752C29EC170018B588 /* NanoChallenge07App.swift in Sources */ = {isa = PBXBuildFile; fileRef = 40CC26742C29EC170018B588 /* NanoChallenge07App.swift */; };
		40CC26792C29EC180018B588 /* Assets.xcassets in Resources */ = {isa = PBXBuildFile; fileRef = 40CC26782C29EC180018B588 /* Assets.xcassets */; };
		40CC267C2C29EC180018B588 /* Preview Assets.xcassets in Resources */ = {isa = PBXBuildFile; fileRef = 40CC267B2C29EC180018B588 /* Preview Assets.xcassets */; };
		40CC268E2C29F72B0018B588 /* ItemSearch.swift in Sources */ = {isa = PBXBuildFile; fileRef = 40CC268D2C29F72A0018B588 /* ItemSearch.swift */; };
		40CC26912C29F7950018B588 /* DetailPageView.swift in Sources */ = {isa = PBXBuildFile; fileRef = 40CC26902C29F7950018B588 /* DetailPageView.swift */; };
		40CC26932C29F7BB0018B588 /* DetailPageViewModel.swift in Sources */ = {isa = PBXBuildFile; fileRef = 40CC26922C29F7BB0018B588 /* DetailPageViewModel.swift */; };
		40CC26952C29F7ED0018B588 /* TabCellView.swift in Sources */ = {isa = PBXBuildFile; fileRef = 40CC26942C29F7ED0018B588 /* TabCellView.swift */; };
		40CC26972C29F8350018B588 /* PriceTabCell.swift in Sources */ = {isa = PBXBuildFile; fileRef = 40CC26962C29F8350018B588 /* PriceTabCell.swift */; };
		40CC26992C29F8660018B588 /* SearchPage.swift in Sources */ = {isa = PBXBuildFile; fileRef = 40CC26982C29F8660018B588 /* SearchPage.swift */; };
		40CC269B2C29F8900018B588 /* SearchPageViewModel.swift in Sources */ = {isa = PBXBuildFile; fileRef = 40CC269A2C29F8900018B588 /* SearchPageViewModel.swift */; };
		40CC26A02C29F9260018B588 /* ErrorEnum.swift in Sources */ = {isa = PBXBuildFile; fileRef = 40CC269F2C29F9260018B588 /* ErrorEnum.swift */; };
		40CC26A22C29F9610018B588 /* NetworkingManager.swift in Sources */ = {isa = PBXBuildFile; fileRef = 40CC26A12C29F9610018B588 /* NetworkingManager.swift */; };
		9C003E8C2C2B603D00EE8B5E /* NanoChallenge07UITests.swift in Sources */ = {isa = PBXBuildFile; fileRef = 9C003E8B2C2B603D00EE8B5E /* NanoChallenge07UITests.swift */; };
		9C003E8E2C2B603D00EE8B5E /* NanoChallenge07UITestsLaunchTests.swift in Sources */ = {isa = PBXBuildFile; fileRef = 9C003E8D2C2B603D00EE8B5E /* NanoChallenge07UITestsLaunchTests.swift */; };
		E80CA1252C2A01E60072FD4C /* Endpoint.swift in Sources */ = {isa = PBXBuildFile; fileRef = E80CA1242C2A01E60072FD4C /* Endpoint.swift */; };
		E80CA1272C2A0E8B0072FD4C /* NetworkingLogger.swift in Sources */ = {isa = PBXBuildFile; fileRef = E80CA1262C2A0E8B0072FD4C /* NetworkingLogger.swift */; };
		E80CA12F2C2B28530072FD4C /* EndpointTests.swift in Sources */ = {isa = PBXBuildFile; fileRef = E80CA12E2C2B28530072FD4C /* EndpointTests.swift */; };
		E80CA1372C2B32B80072FD4C /* MockURLSessionProtocol.swift in Sources */ = {isa = PBXBuildFile; fileRef = E80CA1362C2B32B80072FD4C /* MockURLSessionProtocol.swift */; };
		E80CA13A2C2B33000072FD4C /* NetworkingManagerTests.swift in Sources */ = {isa = PBXBuildFile; fileRef = E80CA1392C2B33000072FD4C /* NetworkingManagerTests.swift */; };
/* End PBXBuildFile section */

/* Begin PBXContainerItemProxy section */
		9C003E8F2C2B603D00EE8B5E /* PBXContainerItemProxy */ = {
			isa = PBXContainerItemProxy;
			containerPortal = 40CC26692C29EC170018B588 /* Project object */;
			proxyType = 1;
			remoteGlobalIDString = 40CC26702C29EC170018B588;
			remoteInfo = NanoChallenge07;
		};
		E80CA1302C2B28530072FD4C /* PBXContainerItemProxy */ = {
			isa = PBXContainerItemProxy;
			containerPortal = 40CC26692C29EC170018B588 /* Project object */;
			proxyType = 1;
			remoteGlobalIDString = 40CC26702C29EC170018B588;
			remoteInfo = NanoChallenge07;
		};
/* End PBXContainerItemProxy section */

/* Begin PBXFileReference section */
		40CC26712C29EC170018B588 /* NanoChallenge07.app */ = {isa = PBXFileReference; explicitFileType = wrapper.application; includeInIndex = 0; path = NanoChallenge07.app; sourceTree = BUILT_PRODUCTS_DIR; };
		40CC26742C29EC170018B588 /* NanoChallenge07App.swift */ = {isa = PBXFileReference; lastKnownFileType = sourcecode.swift; path = NanoChallenge07App.swift; sourceTree = "<group>"; };
		40CC26782C29EC180018B588 /* Assets.xcassets */ = {isa = PBXFileReference; lastKnownFileType = folder.assetcatalog; path = Assets.xcassets; sourceTree = "<group>"; };
		40CC267B2C29EC180018B588 /* Preview Assets.xcassets */ = {isa = PBXFileReference; lastKnownFileType = folder.assetcatalog; path = "Preview Assets.xcassets"; sourceTree = "<group>"; };
		40CC268D2C29F72A0018B588 /* ItemSearch.swift */ = {isa = PBXFileReference; lastKnownFileType = sourcecode.swift; path = ItemSearch.swift; sourceTree = "<group>"; };
		40CC26902C29F7950018B588 /* DetailPageView.swift */ = {isa = PBXFileReference; lastKnownFileType = sourcecode.swift; path = DetailPageView.swift; sourceTree = "<group>"; };
		40CC26922C29F7BB0018B588 /* DetailPageViewModel.swift */ = {isa = PBXFileReference; lastKnownFileType = sourcecode.swift; path = DetailPageViewModel.swift; sourceTree = "<group>"; };
		40CC26942C29F7ED0018B588 /* TabCellView.swift */ = {isa = PBXFileReference; lastKnownFileType = sourcecode.swift; path = TabCellView.swift; sourceTree = "<group>"; };
		40CC26962C29F8350018B588 /* PriceTabCell.swift */ = {isa = PBXFileReference; lastKnownFileType = sourcecode.swift; path = PriceTabCell.swift; sourceTree = "<group>"; };
		40CC26982C29F8660018B588 /* SearchPage.swift */ = {isa = PBXFileReference; lastKnownFileType = sourcecode.swift; path = SearchPage.swift; sourceTree = "<group>"; };
		40CC269A2C29F8900018B588 /* SearchPageViewModel.swift */ = {isa = PBXFileReference; lastKnownFileType = sourcecode.swift; path = SearchPageViewModel.swift; sourceTree = "<group>"; };
		40CC269F2C29F9260018B588 /* ErrorEnum.swift */ = {isa = PBXFileReference; lastKnownFileType = sourcecode.swift; path = ErrorEnum.swift; sourceTree = "<group>"; };
		40CC26A12C29F9610018B588 /* NetworkingManager.swift */ = {isa = PBXFileReference; lastKnownFileType = sourcecode.swift; path = NetworkingManager.swift; sourceTree = "<group>"; };
		9C003E892C2B603D00EE8B5E /* NanoChallenge07UITests.xctest */ = {isa = PBXFileReference; explicitFileType = wrapper.cfbundle; includeInIndex = 0; path = NanoChallenge07UITests.xctest; sourceTree = BUILT_PRODUCTS_DIR; };
		9C003E8B2C2B603D00EE8B5E /* NanoChallenge07UITests.swift */ = {isa = PBXFileReference; lastKnownFileType = sourcecode.swift; path = NanoChallenge07UITests.swift; sourceTree = "<group>"; };
		9C003E8D2C2B603D00EE8B5E /* NanoChallenge07UITestsLaunchTests.swift */ = {isa = PBXFileReference; lastKnownFileType = sourcecode.swift; path = NanoChallenge07UITestsLaunchTests.swift; sourceTree = "<group>"; };
		E80CA1242C2A01E60072FD4C /* Endpoint.swift */ = {isa = PBXFileReference; lastKnownFileType = sourcecode.swift; path = Endpoint.swift; sourceTree = "<group>"; };
		E80CA1262C2A0E8B0072FD4C /* NetworkingLogger.swift */ = {isa = PBXFileReference; lastKnownFileType = sourcecode.swift; path = NetworkingLogger.swift; sourceTree = "<group>"; };
		E80CA12C2C2B28530072FD4C /* NanoChallenge07UnitTests.xctest */ = {isa = PBXFileReference; explicitFileType = wrapper.cfbundle; includeInIndex = 0; path = NanoChallenge07UnitTests.xctest; sourceTree = BUILT_PRODUCTS_DIR; };
		E80CA12E2C2B28530072FD4C /* EndpointTests.swift */ = {isa = PBXFileReference; lastKnownFileType = sourcecode.swift; path = EndpointTests.swift; sourceTree = "<group>"; };
		E80CA1362C2B32B80072FD4C /* MockURLSessionProtocol.swift */ = {isa = PBXFileReference; lastKnownFileType = sourcecode.swift; path = MockURLSessionProtocol.swift; sourceTree = "<group>"; };
		E80CA1392C2B33000072FD4C /* NetworkingManagerTests.swift */ = {isa = PBXFileReference; lastKnownFileType = sourcecode.swift; path = NetworkingManagerTests.swift; sourceTree = "<group>"; };
/* End PBXFileReference section */

/* Begin PBXFrameworksBuildPhase section */
		40CC266E2C29EC170018B588 /* Frameworks */ = {
			isa = PBXFrameworksBuildPhase;
			buildActionMask = 2147483647;
			files = (
			);
			runOnlyForDeploymentPostprocessing = 0;
		};
		9C003E862C2B603D00EE8B5E /* Frameworks */ = {
			isa = PBXFrameworksBuildPhase;
			buildActionMask = 2147483647;
			files = (
			);
			runOnlyForDeploymentPostprocessing = 0;
		};
		E80CA1292C2B28530072FD4C /* Frameworks */ = {
			isa = PBXFrameworksBuildPhase;
			buildActionMask = 2147483647;
			files = (
			);
			runOnlyForDeploymentPostprocessing = 0;
		};
/* End PBXFrameworksBuildPhase section */

/* Begin PBXGroup section */
		40CC26682C29EC170018B588 = {
			isa = PBXGroup;
			children = (
				40CC26732C29EC170018B588 /* NanoChallenge07 */,
				E80CA12D2C2B28530072FD4C /* NanoChallenge07UnitTests */,
				9C003E8A2C2B603D00EE8B5E /* NanoChallenge07UITests */,
				40CC26722C29EC170018B588 /* Products */,
			);
			sourceTree = "<group>";
		};
		40CC26722C29EC170018B588 /* Products */ = {
			isa = PBXGroup;
			children = (
				40CC26712C29EC170018B588 /* NanoChallenge07.app */,
				E80CA12C2C2B28530072FD4C /* NanoChallenge07UnitTests.xctest */,
				9C003E892C2B603D00EE8B5E /* NanoChallenge07UITests.xctest */,
			);
			name = Products;
			sourceTree = "<group>";
		};
		40CC26732C29EC170018B588 /* NanoChallenge07 */ = {
			isa = PBXGroup;
			children = (
				40CC26A32C29F9790018B588 /* App */,
				40CC269D2C29F8BA0018B588 /* Utils */,
				40CC268C2C29F7170018B588 /* Model */,
				40CC268B2C29F70D0018B588 /* ViewModels */,
				40CC268A2C29F7000018B588 /* Views */,
				40CC267A2C29EC180018B588 /* Preview Content */,
			);
			path = NanoChallenge07;
			sourceTree = "<group>";
		};
		40CC267A2C29EC180018B588 /* Preview Content */ = {
			isa = PBXGroup;
			children = (
				40CC267B2C29EC180018B588 /* Preview Assets.xcassets */,
			);
			path = "Preview Content";
			sourceTree = "<group>";
		};
		40CC268A2C29F7000018B588 /* Views */ = {
			isa = PBXGroup;
			children = (
				40CC26902C29F7950018B588 /* DetailPageView.swift */,
				40CC26942C29F7ED0018B588 /* TabCellView.swift */,
				40CC26962C29F8350018B588 /* PriceTabCell.swift */,
				40CC26982C29F8660018B588 /* SearchPage.swift */,
			);
			path = Views;
			sourceTree = "<group>";
		};
		40CC268B2C29F70D0018B588 /* ViewModels */ = {
			isa = PBXGroup;
			children = (
				40CC26922C29F7BB0018B588 /* DetailPageViewModel.swift */,
				40CC269A2C29F8900018B588 /* SearchPageViewModel.swift */,
			);
			path = ViewModels;
			sourceTree = "<group>";
		};
		40CC268C2C29F7170018B588 /* Model */ = {
			isa = PBXGroup;
			children = (
				40CC268D2C29F72A0018B588 /* ItemSearch.swift */,
			);
			path = Model;
			sourceTree = "<group>";
		};
		40CC269D2C29F8BA0018B588 /* Utils */ = {
			isa = PBXGroup;
			children = (
				40CC269F2C29F9260018B588 /* ErrorEnum.swift */,
				E80CA1242C2A01E60072FD4C /* Endpoint.swift */,
				E80CA1262C2A0E8B0072FD4C /* NetworkingLogger.swift */,
				40CC26A12C29F9610018B588 /* NetworkingManager.swift */,
			);
			path = Utils;
			sourceTree = "<group>";
		};
		40CC26A32C29F9790018B588 /* App */ = {
			isa = PBXGroup;
			children = (
				40CC26742C29EC170018B588 /* NanoChallenge07App.swift */,
				40CC26782C29EC180018B588 /* Assets.xcassets */,
			);
			path = App;
			sourceTree = "<group>";
		};
		9C003E8A2C2B603D00EE8B5E /* NanoChallenge07UITests */ = {
			isa = PBXGroup;
			children = (
				9C003E8B2C2B603D00EE8B5E /* NanoChallenge07UITests.swift */,
				9C003E8D2C2B603D00EE8B5E /* NanoChallenge07UITestsLaunchTests.swift */,
			);
			path = NanoChallenge07UITests;
			sourceTree = "<group>";
		};
		E80CA12D2C2B28530072FD4C /* NanoChallenge07UnitTests */ = {
			isa = PBXGroup;
			children = (
				E80CA1382C2B32E00072FD4C /* Networking */,
				E80CA1352C2B32A30072FD4C /* Mocks */,
			);
			path = NanoChallenge07UnitTests;
			sourceTree = "<group>";
		};
		E80CA1352C2B32A30072FD4C /* Mocks */ = {
			isa = PBXGroup;
			children = (
				E80CA1362C2B32B80072FD4C /* MockURLSessionProtocol.swift */,
			);
			path = Mocks;
			sourceTree = "<group>";
		};
		E80CA1382C2B32E00072FD4C /* Networking */ = {
			isa = PBXGroup;
			children = (
				E80CA12E2C2B28530072FD4C /* EndpointTests.swift */,
				E80CA1392C2B33000072FD4C /* NetworkingManagerTests.swift */,
			);
			path = Networking;
			sourceTree = "<group>";
		};
/* End PBXGroup section */

/* Begin PBXNativeTarget section */
		40CC26702C29EC170018B588 /* NanoChallenge07 */ = {
			isa = PBXNativeTarget;
			buildConfigurationList = 40CC267F2C29EC180018B588 /* Build configuration list for PBXNativeTarget "NanoChallenge07" */;
			buildPhases = (
				40CC266D2C29EC170018B588 /* Sources */,
				40CC266E2C29EC170018B588 /* Frameworks */,
				40CC266F2C29EC170018B588 /* Resources */,
			);
			buildRules = (
			);
			dependencies = (
			);
			name = NanoChallenge07;
			productName = NanoChallenge07;
			productReference = 40CC26712C29EC170018B588 /* NanoChallenge07.app */;
			productType = "com.apple.product-type.application";
		};
		9C003E882C2B603D00EE8B5E /* NanoChallenge07UITests */ = {
			isa = PBXNativeTarget;
			buildConfigurationList = 9C003E912C2B603D00EE8B5E /* Build configuration list for PBXNativeTarget "NanoChallenge07UITests" */;
			buildPhases = (
				9C003E852C2B603D00EE8B5E /* Sources */,
				9C003E862C2B603D00EE8B5E /* Frameworks */,
				9C003E872C2B603D00EE8B5E /* Resources */,
			);
			buildRules = (
			);
			dependencies = (
				9C003E902C2B603D00EE8B5E /* PBXTargetDependency */,
			);
			name = NanoChallenge07UITests;
			productName = NanoChallenge07UITests;
			productReference = 9C003E892C2B603D00EE8B5E /* NanoChallenge07UITests.xctest */;
			productType = "com.apple.product-type.bundle.ui-testing";
		};
		E80CA12B2C2B28530072FD4C /* NanoChallenge07UnitTests */ = {
			isa = PBXNativeTarget;
			buildConfigurationList = E80CA1322C2B28530072FD4C /* Build configuration list for PBXNativeTarget "NanoChallenge07UnitTests" */;
			buildPhases = (
				E80CA1282C2B28530072FD4C /* Sources */,
				E80CA1292C2B28530072FD4C /* Frameworks */,
				E80CA12A2C2B28530072FD4C /* Resources */,
			);
			buildRules = (
			);
			dependencies = (
				E80CA1312C2B28530072FD4C /* PBXTargetDependency */,
			);
			name = NanoChallenge07UnitTests;
			productName = NanoChallenge07UnitTests;
			productReference = E80CA12C2C2B28530072FD4C /* NanoChallenge07UnitTests.xctest */;
			productType = "com.apple.product-type.bundle.unit-test";
		};
/* End PBXNativeTarget section */

/* Begin PBXProject section */
		40CC26692C29EC170018B588 /* Project object */ = {
			isa = PBXProject;
			attributes = {
				BuildIndependentTargetsInParallel = 1;
				LastSwiftUpdateCheck = 1540;
				LastUpgradeCheck = 1540;
				TargetAttributes = {
					40CC26702C29EC170018B588 = {
						CreatedOnToolsVersion = 15.4;
					};
					9C003E882C2B603D00EE8B5E = {
						CreatedOnToolsVersion = 15.4;
						TestTargetID = 40CC26702C29EC170018B588;
					};
					E80CA12B2C2B28530072FD4C = {
						CreatedOnToolsVersion = 15.4;
						TestTargetID = 40CC26702C29EC170018B588;
					};
				};
			};
			buildConfigurationList = 40CC266C2C29EC170018B588 /* Build configuration list for PBXProject "NanoChallenge07" */;
			compatibilityVersion = "Xcode 14.0";
			developmentRegion = en;
			hasScannedForEncodings = 0;
			knownRegions = (
				en,
				Base,
			);
			mainGroup = 40CC26682C29EC170018B588;
			productRefGroup = 40CC26722C29EC170018B588 /* Products */;
			projectDirPath = "";
			projectRoot = "";
			targets = (
				40CC26702C29EC170018B588 /* NanoChallenge07 */,
				E80CA12B2C2B28530072FD4C /* NanoChallenge07UnitTests */,
				9C003E882C2B603D00EE8B5E /* NanoChallenge07UITests */,
			);
		};
/* End PBXProject section */

/* Begin PBXResourcesBuildPhase section */
		40CC266F2C29EC170018B588 /* Resources */ = {
			isa = PBXResourcesBuildPhase;
			buildActionMask = 2147483647;
			files = (
				40CC267C2C29EC180018B588 /* Preview Assets.xcassets in Resources */,
				40CC26792C29EC180018B588 /* Assets.xcassets in Resources */,
			);
			runOnlyForDeploymentPostprocessing = 0;
		};
		9C003E872C2B603D00EE8B5E /* Resources */ = {
			isa = PBXResourcesBuildPhase;
			buildActionMask = 2147483647;
			files = (
			);
			runOnlyForDeploymentPostprocessing = 0;
		};
		E80CA12A2C2B28530072FD4C /* Resources */ = {
			isa = PBXResourcesBuildPhase;
			buildActionMask = 2147483647;
			files = (
			);
			runOnlyForDeploymentPostprocessing = 0;
		};
/* End PBXResourcesBuildPhase section */

/* Begin PBXSourcesBuildPhase section */
		40CC266D2C29EC170018B588 /* Sources */ = {
			isa = PBXSourcesBuildPhase;
			buildActionMask = 2147483647;
			files = (
				40CC26952C29F7ED0018B588 /* TabCellView.swift in Sources */,
				40CC269B2C29F8900018B588 /* SearchPageViewModel.swift in Sources */,
				40CC26932C29F7BB0018B588 /* DetailPageViewModel.swift in Sources */,
				40CC26A22C29F9610018B588 /* NetworkingManager.swift in Sources */,
				40CC26752C29EC170018B588 /* NanoChallenge07App.swift in Sources */,
				E80CA1272C2A0E8B0072FD4C /* NetworkingLogger.swift in Sources */,
				40CC26A02C29F9260018B588 /* ErrorEnum.swift in Sources */,
				40CC26912C29F7950018B588 /* DetailPageView.swift in Sources */,
				40CC26972C29F8350018B588 /* PriceTabCell.swift in Sources */,
				40CC26992C29F8660018B588 /* SearchPage.swift in Sources */,
				E80CA1252C2A01E60072FD4C /* Endpoint.swift in Sources */,
				40CC268E2C29F72B0018B588 /* ItemSearch.swift in Sources */,
			);
			runOnlyForDeploymentPostprocessing = 0;
		};
		9C003E852C2B603D00EE8B5E /* Sources */ = {
			isa = PBXSourcesBuildPhase;
			buildActionMask = 2147483647;
			files = (
				9C003E8C2C2B603D00EE8B5E /* NanoChallenge07UITests.swift in Sources */,
				9C003E8E2C2B603D00EE8B5E /* NanoChallenge07UITestsLaunchTests.swift in Sources */,
			);
			runOnlyForDeploymentPostprocessing = 0;
		};
		E80CA1282C2B28530072FD4C /* Sources */ = {
			isa = PBXSourcesBuildPhase;
			buildActionMask = 2147483647;
			files = (
				E80CA1372C2B32B80072FD4C /* MockURLSessionProtocol.swift in Sources */,
				E80CA12F2C2B28530072FD4C /* EndpointTests.swift in Sources */,
				E80CA13A2C2B33000072FD4C /* NetworkingManagerTests.swift in Sources */,
			);
			runOnlyForDeploymentPostprocessing = 0;
		};
/* End PBXSourcesBuildPhase section */

/* Begin PBXTargetDependency section */
		9C003E902C2B603D00EE8B5E /* PBXTargetDependency */ = {
			isa = PBXTargetDependency;
			target = 40CC26702C29EC170018B588 /* NanoChallenge07 */;
			targetProxy = 9C003E8F2C2B603D00EE8B5E /* PBXContainerItemProxy */;
		};
		E80CA1312C2B28530072FD4C /* PBXTargetDependency */ = {
			isa = PBXTargetDependency;
			target = 40CC26702C29EC170018B588 /* NanoChallenge07 */;
			targetProxy = E80CA1302C2B28530072FD4C /* PBXContainerItemProxy */;
		};
/* End PBXTargetDependency section */

/* Begin XCBuildConfiguration section */
		40CC267D2C29EC180018B588 /* Debug */ = {
			isa = XCBuildConfiguration;
			buildSettings = {
				ALWAYS_SEARCH_USER_PATHS = NO;
				ASSETCATALOG_COMPILER_GENERATE_SWIFT_ASSET_SYMBOL_EXTENSIONS = YES;
				CLANG_ANALYZER_NONNULL = YES;
				CLANG_ANALYZER_NUMBER_OBJECT_CONVERSION = YES_AGGRESSIVE;
				CLANG_CXX_LANGUAGE_STANDARD = "gnu++20";
				CLANG_ENABLE_MODULES = YES;
				CLANG_ENABLE_OBJC_ARC = YES;
				CLANG_ENABLE_OBJC_WEAK = YES;
				CLANG_WARN_BLOCK_CAPTURE_AUTORELEASING = YES;
				CLANG_WARN_BOOL_CONVERSION = YES;
				CLANG_WARN_COMMA = YES;
				CLANG_WARN_CONSTANT_CONVERSION = YES;
				CLANG_WARN_DEPRECATED_OBJC_IMPLEMENTATIONS = YES;
				CLANG_WARN_DIRECT_OBJC_ISA_USAGE = YES_ERROR;
				CLANG_WARN_DOCUMENTATION_COMMENTS = YES;
				CLANG_WARN_EMPTY_BODY = YES;
				CLANG_WARN_ENUM_CONVERSION = YES;
				CLANG_WARN_INFINITE_RECURSION = YES;
				CLANG_WARN_INT_CONVERSION = YES;
				CLANG_WARN_NON_LITERAL_NULL_CONVERSION = YES;
				CLANG_WARN_OBJC_IMPLICIT_RETAIN_SELF = YES;
				CLANG_WARN_OBJC_LITERAL_CONVERSION = YES;
				CLANG_WARN_OBJC_ROOT_CLASS = YES_ERROR;
				CLANG_WARN_QUOTED_INCLUDE_IN_FRAMEWORK_HEADER = YES;
				CLANG_WARN_RANGE_LOOP_ANALYSIS = YES;
				CLANG_WARN_STRICT_PROTOTYPES = YES;
				CLANG_WARN_SUSPICIOUS_MOVE = YES;
				CLANG_WARN_UNGUARDED_AVAILABILITY = YES_AGGRESSIVE;
				CLANG_WARN_UNREACHABLE_CODE = YES;
				CLANG_WARN__DUPLICATE_METHOD_MATCH = YES;
				COPY_PHASE_STRIP = NO;
				DEBUG_INFORMATION_FORMAT = dwarf;
				ENABLE_STRICT_OBJC_MSGSEND = YES;
				ENABLE_TESTABILITY = YES;
				ENABLE_USER_SCRIPT_SANDBOXING = YES;
				GCC_C_LANGUAGE_STANDARD = gnu17;
				GCC_DYNAMIC_NO_PIC = NO;
				GCC_NO_COMMON_BLOCKS = YES;
				GCC_OPTIMIZATION_LEVEL = 0;
				GCC_PREPROCESSOR_DEFINITIONS = (
					"DEBUG=1",
					"$(inherited)",
				);
				GCC_WARN_64_TO_32_BIT_CONVERSION = YES;
				GCC_WARN_ABOUT_RETURN_TYPE = YES_ERROR;
				GCC_WARN_UNDECLARED_SELECTOR = YES;
				GCC_WARN_UNINITIALIZED_AUTOS = YES_AGGRESSIVE;
				GCC_WARN_UNUSED_FUNCTION = YES;
				GCC_WARN_UNUSED_VARIABLE = YES;
				IPHONEOS_DEPLOYMENT_TARGET = 17.5;
				LOCALIZATION_PREFERS_STRING_CATALOGS = YES;
				MTL_ENABLE_DEBUG_INFO = INCLUDE_SOURCE;
				MTL_FAST_MATH = YES;
				ONLY_ACTIVE_ARCH = YES;
				SDKROOT = iphoneos;
				SWIFT_ACTIVE_COMPILATION_CONDITIONS = "DEBUG $(inherited)";
				SWIFT_OPTIMIZATION_LEVEL = "-Onone";
				SWIFT_STRICT_CONCURRENCY = complete;
			};
			name = Debug;
		};
		40CC267E2C29EC180018B588 /* Release */ = {
			isa = XCBuildConfiguration;
			buildSettings = {
				ALWAYS_SEARCH_USER_PATHS = NO;
				ASSETCATALOG_COMPILER_GENERATE_SWIFT_ASSET_SYMBOL_EXTENSIONS = YES;
				CLANG_ANALYZER_NONNULL = YES;
				CLANG_ANALYZER_NUMBER_OBJECT_CONVERSION = YES_AGGRESSIVE;
				CLANG_CXX_LANGUAGE_STANDARD = "gnu++20";
				CLANG_ENABLE_MODULES = YES;
				CLANG_ENABLE_OBJC_ARC = YES;
				CLANG_ENABLE_OBJC_WEAK = YES;
				CLANG_WARN_BLOCK_CAPTURE_AUTORELEASING = YES;
				CLANG_WARN_BOOL_CONVERSION = YES;
				CLANG_WARN_COMMA = YES;
				CLANG_WARN_CONSTANT_CONVERSION = YES;
				CLANG_WARN_DEPRECATED_OBJC_IMPLEMENTATIONS = YES;
				CLANG_WARN_DIRECT_OBJC_ISA_USAGE = YES_ERROR;
				CLANG_WARN_DOCUMENTATION_COMMENTS = YES;
				CLANG_WARN_EMPTY_BODY = YES;
				CLANG_WARN_ENUM_CONVERSION = YES;
				CLANG_WARN_INFINITE_RECURSION = YES;
				CLANG_WARN_INT_CONVERSION = YES;
				CLANG_WARN_NON_LITERAL_NULL_CONVERSION = YES;
				CLANG_WARN_OBJC_IMPLICIT_RETAIN_SELF = YES;
				CLANG_WARN_OBJC_LITERAL_CONVERSION = YES;
				CLANG_WARN_OBJC_ROOT_CLASS = YES_ERROR;
				CLANG_WARN_QUOTED_INCLUDE_IN_FRAMEWORK_HEADER = YES;
				CLANG_WARN_RANGE_LOOP_ANALYSIS = YES;
				CLANG_WARN_STRICT_PROTOTYPES = YES;
				CLANG_WARN_SUSPICIOUS_MOVE = YES;
				CLANG_WARN_UNGUARDED_AVAILABILITY = YES_AGGRESSIVE;
				CLANG_WARN_UNREACHABLE_CODE = YES;
				CLANG_WARN__DUPLICATE_METHOD_MATCH = YES;
				COPY_PHASE_STRIP = NO;
				DEBUG_INFORMATION_FORMAT = "dwarf-with-dsym";
				ENABLE_NS_ASSERTIONS = NO;
				ENABLE_STRICT_OBJC_MSGSEND = YES;
				ENABLE_USER_SCRIPT_SANDBOXING = YES;
				GCC_C_LANGUAGE_STANDARD = gnu17;
				GCC_NO_COMMON_BLOCKS = YES;
				GCC_WARN_64_TO_32_BIT_CONVERSION = YES;
				GCC_WARN_ABOUT_RETURN_TYPE = YES_ERROR;
				GCC_WARN_UNDECLARED_SELECTOR = YES;
				GCC_WARN_UNINITIALIZED_AUTOS = YES_AGGRESSIVE;
				GCC_WARN_UNUSED_FUNCTION = YES;
				GCC_WARN_UNUSED_VARIABLE = YES;
				IPHONEOS_DEPLOYMENT_TARGET = 17.5;
				LOCALIZATION_PREFERS_STRING_CATALOGS = YES;
				MTL_ENABLE_DEBUG_INFO = NO;
				MTL_FAST_MATH = YES;
				SDKROOT = iphoneos;
				SWIFT_COMPILATION_MODE = wholemodule;
				SWIFT_STRICT_CONCURRENCY = complete;
				VALIDATE_PRODUCT = YES;
			};
			name = Release;
		};
		40CC26802C29EC180018B588 /* Debug */ = {
			isa = XCBuildConfiguration;
			buildSettings = {
				ASSETCATALOG_COMPILER_APPICON_NAME = AppIcon;
				ASSETCATALOG_COMPILER_GLOBAL_ACCENT_COLOR_NAME = AccentColor;
				CODE_SIGN_STYLE = Automatic;
				CURRENT_PROJECT_VERSION = 1;
				DEVELOPMENT_ASSET_PATHS = "\"NanoChallenge07/Preview Content\"";
				DEVELOPMENT_TEAM = RAG47DD75D;
				ENABLE_PREVIEWS = YES;
				GENERATE_INFOPLIST_FILE = YES;
				INFOPLIST_KEY_UIApplicationSceneManifest_Generation = YES;
				INFOPLIST_KEY_UIApplicationSupportsIndirectInputEvents = YES;
				INFOPLIST_KEY_UILaunchScreen_Generation = YES;
				INFOPLIST_KEY_UISupportedInterfaceOrientations_iPad = "UIInterfaceOrientationPortrait UIInterfaceOrientationPortraitUpsideDown UIInterfaceOrientationLandscapeLeft UIInterfaceOrientationLandscapeRight";
				INFOPLIST_KEY_UISupportedInterfaceOrientations_iPhone = "UIInterfaceOrientationPortrait UIInterfaceOrientationLandscapeLeft UIInterfaceOrientationLandscapeRight";
				LD_RUNPATH_SEARCH_PATHS = (
					"$(inherited)",
					"@executable_path/Frameworks",
				);
				MARKETING_VERSION = 1.0;
				PRODUCT_BUNDLE_IDENTIFIER = com.GuilhermeNunesLobo.NanoChallenge07;
				PRODUCT_NAME = "$(TARGET_NAME)";
				SWIFT_EMIT_LOC_STRINGS = YES;
				SWIFT_STRICT_CONCURRENCY = minimal;
				SWIFT_VERSION = 5.0;
				TARGETED_DEVICE_FAMILY = "1,2";
			};
			name = Debug;
		};
		40CC26812C29EC180018B588 /* Release */ = {
			isa = XCBuildConfiguration;
			buildSettings = {
				ASSETCATALOG_COMPILER_APPICON_NAME = AppIcon;
				ASSETCATALOG_COMPILER_GLOBAL_ACCENT_COLOR_NAME = AccentColor;
				CODE_SIGN_STYLE = Automatic;
				CURRENT_PROJECT_VERSION = 1;
				DEVELOPMENT_ASSET_PATHS = "\"NanoChallenge07/Preview Content\"";
				DEVELOPMENT_TEAM = RAG47DD75D;
				ENABLE_PREVIEWS = YES;
				GENERATE_INFOPLIST_FILE = YES;
				INFOPLIST_KEY_UIApplicationSceneManifest_Generation = YES;
				INFOPLIST_KEY_UIApplicationSupportsIndirectInputEvents = YES;
				INFOPLIST_KEY_UILaunchScreen_Generation = YES;
				INFOPLIST_KEY_UISupportedInterfaceOrientations_iPad = "UIInterfaceOrientationPortrait UIInterfaceOrientationPortraitUpsideDown UIInterfaceOrientationLandscapeLeft UIInterfaceOrientationLandscapeRight";
				INFOPLIST_KEY_UISupportedInterfaceOrientations_iPhone = "UIInterfaceOrientationPortrait UIInterfaceOrientationLandscapeLeft UIInterfaceOrientationLandscapeRight";
				LD_RUNPATH_SEARCH_PATHS = (
					"$(inherited)",
					"@executable_path/Frameworks",
				);
				MARKETING_VERSION = 1.0;
				PRODUCT_BUNDLE_IDENTIFIER = com.GuilhermeNunesLobo.NanoChallenge07;
				PRODUCT_NAME = "$(TARGET_NAME)";
				SWIFT_EMIT_LOC_STRINGS = YES;
				SWIFT_STRICT_CONCURRENCY = minimal;
				SWIFT_VERSION = 5.0;
				TARGETED_DEVICE_FAMILY = "1,2";
			};
			name = Release;
		};
		9C003E922C2B603D00EE8B5E /* Debug */ = {
			isa = XCBuildConfiguration;
			buildSettings = {
				CODE_SIGN_STYLE = Automatic;
				CURRENT_PROJECT_VERSION = 1;
				DEVELOPMENT_TEAM = 392C3Y3Z55;
				GENERATE_INFOPLIST_FILE = YES;
				MARKETING_VERSION = 1.0;
				PRODUCT_BUNDLE_IDENTIFIER = Victor.NanoChallenge07UITests;
				PRODUCT_NAME = "$(TARGET_NAME)";
				SWIFT_EMIT_LOC_STRINGS = NO;
				SWIFT_VERSION = 5.0;
				TARGETED_DEVICE_FAMILY = "1,2";
				TEST_TARGET_NAME = NanoChallenge07;
			};
			name = Debug;
		};
		9C003E932C2B603D00EE8B5E /* Release */ = {
			isa = XCBuildConfiguration;
			buildSettings = {
				CODE_SIGN_STYLE = Automatic;
				CURRENT_PROJECT_VERSION = 1;
				DEVELOPMENT_TEAM = 392C3Y3Z55;
				GENERATE_INFOPLIST_FILE = YES;
				MARKETING_VERSION = 1.0;
				PRODUCT_BUNDLE_IDENTIFIER = Victor.NanoChallenge07UITests;
				PRODUCT_NAME = "$(TARGET_NAME)";
				SWIFT_EMIT_LOC_STRINGS = NO;
				SWIFT_VERSION = 5.0;
				TARGETED_DEVICE_FAMILY = "1,2";
				TEST_TARGET_NAME = NanoChallenge07;
			};
			name = Release;
		};
		E80CA1332C2B28530072FD4C /* Debug */ = {
			isa = XCBuildConfiguration;
			buildSettings = {
				BUNDLE_LOADER = "$(TEST_HOST)";
				CODE_SIGN_STYLE = Automatic;
				CURRENT_PROJECT_VERSION = 1;
				GENERATE_INFOPLIST_FILE = YES;
				MARKETING_VERSION = 1.0;
				PRODUCT_BUNDLE_IDENTIFIER = fabiofreitas.NanoChallenge07UnitTests;
				PRODUCT_NAME = "$(TARGET_NAME)";
				SWIFT_EMIT_LOC_STRINGS = NO;
				SWIFT_VERSION = 5.0;
				TARGETED_DEVICE_FAMILY = "1,2";
				TEST_HOST = "$(BUILT_PRODUCTS_DIR)/NanoChallenge07.app/$(BUNDLE_EXECUTABLE_FOLDER_PATH)/NanoChallenge07";
			};
			name = Debug;
		};
		E80CA1342C2B28530072FD4C /* Release */ = {
			isa = XCBuildConfiguration;
			buildSettings = {
				BUNDLE_LOADER = "$(TEST_HOST)";
				CODE_SIGN_STYLE = Automatic;
				CURRENT_PROJECT_VERSION = 1;
				GENERATE_INFOPLIST_FILE = YES;
				MARKETING_VERSION = 1.0;
				PRODUCT_BUNDLE_IDENTIFIER = fabiofreitas.NanoChallenge07UnitTests;
				PRODUCT_NAME = "$(TARGET_NAME)";
				SWIFT_EMIT_LOC_STRINGS = NO;
				SWIFT_VERSION = 5.0;
				TARGETED_DEVICE_FAMILY = "1,2";
				TEST_HOST = "$(BUILT_PRODUCTS_DIR)/NanoChallenge07.app/$(BUNDLE_EXECUTABLE_FOLDER_PATH)/NanoChallenge07";
			};
			name = Release;
		};
/* End XCBuildConfiguration section */

/* Begin XCConfigurationList section */
		40CC266C2C29EC170018B588 /* Build configuration list for PBXProject "NanoChallenge07" */ = {
			isa = XCConfigurationList;
			buildConfigurations = (
				40CC267D2C29EC180018B588 /* Debug */,
				40CC267E2C29EC180018B588 /* Release */,
			);
			defaultConfigurationIsVisible = 0;
			defaultConfigurationName = Release;
		};
		40CC267F2C29EC180018B588 /* Build configuration list for PBXNativeTarget "NanoChallenge07" */ = {
			isa = XCConfigurationList;
			buildConfigurations = (
				40CC26802C29EC180018B588 /* Debug */,
				40CC26812C29EC180018B588 /* Release */,
			);
			defaultConfigurationIsVisible = 0;
			defaultConfigurationName = Release;
		};
		9C003E912C2B603D00EE8B5E /* Build configuration list for PBXNativeTarget "NanoChallenge07UITests" */ = {
			isa = XCConfigurationList;
			buildConfigurations = (
				9C003E922C2B603D00EE8B5E /* Debug */,
				9C003E932C2B603D00EE8B5E /* Release */,
			);
			defaultConfigurationIsVisible = 0;
			defaultConfigurationName = Release;
		};
		E80CA1322C2B28530072FD4C /* Build configuration list for PBXNativeTarget "NanoChallenge07UnitTests" */ = {
			isa = XCConfigurationList;
			buildConfigurations = (
				E80CA1332C2B28530072FD4C /* Debug */,
				E80CA1342C2B28530072FD4C /* Release */,
			);
			defaultConfigurationIsVisible = 0;
			defaultConfigurationName = Release;
		};
/* End XCConfigurationList section */
	};
	rootObject = 40CC26692C29EC170018B588 /* Project object */;
}
